%{
  "decimal": {:hex, :decimal, "1.8.0", "ca462e0d885f09a1c5a342dbd7c1dcf27ea63548c65a65e67334f4b61803822e", [:mix], [], "hexpm"},
  "ex_cli": {:hex, :ex_cli, "0.1.6", "30f97ef0751c75863c669cf34ebb689a5a3ebf9dafd2e73739f173fbd7561a53", [:mix], [], "hexpm"},
  "floki": {:hex, :floki, "0.20.4", "be42ac911fece24b4c72f3b5846774b6e61b83fe685c2fc9d62093277fb3bc86", [:mix], [{:html_entities, "~> 0.4.0", [hex: :html_entities, repo: "hexpm", optional: false]}, {:mochiweb, "~> 2.15", [hex: :mochiweb, repo: "hexpm", optional: false]}], "hexpm"},
  "html5ever": {:hex, :html5ever, "0.7.0", "9f63ec1c783b2dc9f326840fcc993c01e926dbdef4e51ba1bbe5355993c258b4", [:mix], [{:rustler, "~> 0.18.0", [hex: :rustler, repo: "hexpm", optional: false]}], "hexpm"},
  "html_entities": {:hex, :html_entities, "0.4.0", "f2fee876858cf6aaa9db608820a3209e45a087c5177332799592142b50e89a6b", [:mix], [], "hexpm"},
  "mochiweb": {:hex, :mochiweb, "2.18.0", "eb55f1db3e6e960fac4e6db4e2db9ec3602cc9f30b86cd1481d56545c3145d2e", [:rebar3], [], "hexpm"},
  "nimble_csv": {:hex, :nimble_csv, "0.6.0", "a3673f26d41f986774fe6060e309615343d3cb83a6d435754d8b1fdbd5764879", [:mix], [], "hexpm"},
  "nodex": {:hex, :nodex, "0.1.1", "ed2f7bbe19ea62a43ad4b7ad332eb3f9ca12c64a35a5802a0eb545b93ebe32af", [:mix], [], "hexpm"},
  "pdf2htmlex": {:hex, :pdf2htmlex, "0.2.0", "77c88bfa7ae3202c9d02f02e5efbf8dee88b0836684c65dafc2de19aa9f7a6d4", [:mix], [], "hexpm"},
  "progress_bar": {:hex, :progress_bar, "2.0.0", "447285f533b4b8717881fdb7160c7360c2f2ab57276f8904ce6d40482857e573", [:mix], [{:decimal, "~> 1.0", [hex: :decimal, repo: "hexpm", optional: false]}], "hexpm"},
  "rustler": {:hex, :rustler, "0.18.0", "db4bd0c613d83a1badc31be90ddada6f9821de29e4afd15c53a5da61882e4f2d", [:mix], [], "hexpm"},
}
